
Microsoft Visual Studio Solution File, Format Version 12.00
# Visual Studio Version 17
VisualStudioVersion = 17.4.33205.214
MinimumVisualStudioVersion = 10.0.40219.1
Project("{FAE04EC0-301F-11D3-BF4B-00C04F79EFBC}") = "KoboldKompanion", "KoboldKompanion\KoboldKompanion.csproj", "{36CDFD9F-C265-43E2-8539-9344F9CC3A8F}"
EndProject
Global
	GlobalSection(SolutionConfigurationPlatforms) = preSolution
		Debug|Any CPU = Debug|Any CPU
		Release|Any CPU = Release|Any CPU
	EndGlobalSection
	GlobalSection(ProjectConfigurationPlatforms) = postSolution
		{36CDFD9F-C265-43E2-8539-9344F9CC3A8F}.Debug|Any CPU.ActiveCfg = Debug|Any CPU
		{36CDFD9F-C265-43E2-8539-9344F9CC3A8F}.Debug|Any CPU.Build.0 = Debug|Any CPU
		{36CDFD9F-C265-43E2-8539-9344F9CC3A8F}.Release|Any CPU.ActiveCfg = Release|Any CPU
		{36CDFD9F-C265-43E2-8539-9344F9CC3A8F}.Release|Any CPU.Build.0 = Release|Any CPU
	EndGlobalSection
	GlobalSection(SolutionProperties) = preSolution
		HideSolutionNode = FALSE
	EndGlobalSection
	GlobalSection(ExtensibilityGlobals) = postSolution
		SolutionGuid = {BE8D7363-1326-4712-A42C-DF3E5572786A}
	EndGlobalSection
EndGlobal
